dependencies:
- name: traefik
  repository: https://helm.traefik.io/traefik
  version: 10.15.0
- name: monica
  repository: https://k8s-at-home.com/charts
  version: 7.2.2
- name: kubernetes-dashboard
  repository: https://kubernetes.github.io/dashboard/
  version: 5.3.1
- name: whoami
  repository: https://cowboysysop.github.io/charts/
  version: 2.5.5
- name: pomerium
  repository: https://helm.pomerium.io
  version: 31.1.4
digest: sha256:095bc0d7b4051f43c4e9f4ba4ba47d160b416128ba32564aee5cbcea5700dc40
generated: "2022-05-10T19:34:37.407198-07:00"
