dependencies:
- name: monica
  repository: https://k8s-at-home.com/charts
  version: 7.2.2
- name: protonmail-bridge
  repository: https://k8s-at-home.com/charts
  version: 5.3.2
- name: kubernetes-dashboard
  repository: https://kubernetes.github.io/dashboard/
  version: 5.3.1
- name: whoami
  repository: https://cowboysysop.github.io/charts/
  version: 2.5.5
- name: pomerium
  repository: https://helm.pomerium.io
  version: 31.1.4
- name: cert-manager
  repository: https://charts.jetstack.io
  version: v1.8.0
digest: sha256:3531fab7f6ec6ddf0968c2547f5e50158cd401000a0c8b329d42377a2673536c
generated: "2022-06-25T23:46:34.5981794-07:00"
