dependencies:
- name: monica
  repository: https://k8s-at-home.com/charts
  version: 8.1.2
- name: protonmail-bridge
  repository: https://k8s-at-home.com/charts
  version: 5.3.2
- name: kubernetes-dashboard
  repository: https://kubernetes.github.io/dashboard/
  version: 5.3.1
- name: whoami
  repository: https://cowboysysop.github.io/charts/
  version: 2.5.5
- name: pomerium
  repository: https://helm.pomerium.io
  version: 33.0.1
- name: cert-manager
  repository: https://charts.jetstack.io
  version: v1.8.0
- name: grafana-agent-operator
  repository: https://grafana.github.io/helm-charts
  version: 0.2.3
digest: sha256:a8fbb891441c61832ca83d9b8f53e058fad8c3212faa97e8e29a06de8e7315f5
generated: "2022-11-23T14:24:27.2412619-08:00"
